
Microsoft Visual Studio Solution File, Format Version 12.00
# Visual Studio Version 16
VisualStudioVersion = 16.0.31005.135
MinimumVisualStudioVersion = 10.0.40219.1
Project("{FAE04EC0-301F-11D3-BF4B-00C04F79EFBC}") = "WindowsFormsApp1", "WindowsFormsApp1\WindowsFormsApp1.csproj", "{FFBE2F33-41B5-4891-94CD-C903F61F5EC4}"
EndProject
Global
	GlobalSection(SolutionConfigurationPlatforms) = preSolution
		Debug|Any CPU = Debug|Any CPU
		Release|Any CPU = Release|Any CPU
	EndGlobalSection
	GlobalSection(ProjectConfigurationPlatforms) = postSolution
		{FFBE2F33-41B5-4891-94CD-C903F61F5EC4}.Debug|Any CPU.ActiveCfg = Debug|Any CPU
		{FFBE2F33-41B5-4891-94CD-C903F61F5EC4}.Debug|Any CPU.Build.0 = Debug|Any CPU
		{FFBE2F33-41B5-4891-94CD-C903F61F5EC4}.Release|Any CPU.ActiveCfg = Release|Any CPU
		{FFBE2F33-41B5-4891-94CD-C903F61F5EC4}.Release|Any CPU.Build.0 = Release|Any CPU
	EndGlobalSection
	GlobalSection(SolutionProperties) = preSolution
		HideSolutionNode = FALSE
	EndGlobalSection
	GlobalSection(ExtensibilityGlobals) = postSolution
		SolutionGuid = {5F11F09B-DCD8-4E10-8D29-5D177A263201}
	EndGlobalSection
EndGlobal
